
Microsoft Visual Studio Solution File, Format Version 12.00
# Visual Studio 15
VisualStudioVersion = 15.0.28307.421
MinimumVisualStudioVersion = 10.0.40219.1
Project("{2150E333-8FDC-42A3-9474-1A3956D46DE8}") = "1 - Domain", "1 - Domain", "{C1BED74B-E1E3-445B-BD3D-1F869606ECE9}"
EndProject
Project("{2150E333-8FDC-42A3-9474-1A3956D46DE8}") = "4 - User Interface", "4 - User Interface", "{5C575D5B-E9A1-448A-AE8E-264732F0CDEB}"
EndProject
Project("{9A19103F-16F7-4668-BE54-9A1E7A4F7556}") = "ElClima.FrontEnd", "4 - User Interface\ElClima.FrontEnd\ElClima.FrontEnd.csproj", "{967A7E98-5F5C-4978-91AE-0A96A898A7E6}"
EndProject
Project("{2150E333-8FDC-42A3-9474-1A3956D46DE8}") = "2 - Application Services", "2 - Application Services", "{E2011526-4D92-4BA3-A83F-D64975AEBDEC}"
EndProject
Project("{2150E333-8FDC-42A3-9474-1A3956D46DE8}") = "3 - Infrastructure", "3 - Infrastructure", "{DA6BB958-283E-4158-A4F5-99CAC2128F39}"
EndProject
Project("{2150E333-8FDC-42A3-9474-1A3956D46DE8}") = "5 - Tests", "5 - Tests", "{8D699821-99FA-473E-BA9B-71B0F380CE65}"
EndProject
Project("{9A19103F-16F7-4668-BE54-9A1E7A4F7556}") = "ElClima.Domain.Core", "1 - Domain\ElClima.Domain.Core\ElClima.Domain.Core.csproj", "{2BBD4277-9143-489E-8FBF-938DDADB1BA0}"
EndProject
Project("{9A19103F-16F7-4668-BE54-9A1E7A4F7556}") = "ElClima.DataAccess", "3 - Infrastructure\ElClima.DataAccess\ElClima.DataAccess.csproj", "{86668AC3-4E04-448D-A0E2-0A195C0C4A37}"
EndProject
Project("{9A19103F-16F7-4668-BE54-9A1E7A4F7556}") = "ElClima.ApplicationServices", "2 - Application Services\ElClima.ApplicationServices\ElClima.ApplicationServices.csproj", "{F6AD23AE-EA96-41D2-9D1A-0A6F9D7C1DA0}"
EndProject
Project("{9A19103F-16F7-4668-BE54-9A1E7A4F7556}") = "ElClima.ExternalWebServicesTest", "5 - Tests\ElClima.ExternalWebServicesTest\ElClima.ExternalWebServicesTest.csproj", "{182D479D-E55C-4F3C-83D2-86C41EB5D7D6}"
EndProject
Project("{9A19103F-16F7-4668-BE54-9A1E7A4F7556}") = "ElClima.Domain.Model", "1 - Domain\ElClima.Domain.Model\ElClima.Domain.Model.csproj", "{8E2D2967-E575-42A9-8371-DCDB38319AAD}"
EndProject
Project("{FAE04EC0-301F-11D3-BF4B-00C04F79EFBC}") = "EFCore.BulkExtensions", "3 - Infrastructure\EFCore.BulkExtensions\EFCore.BulkExtensions.csproj", "{8AE3F491-97C7-4263-81B3-FE4EA1059E13}"
EndProject
Global
	GlobalSection(SolutionConfigurationPlatforms) = preSolution
		Debug|Any CPU = Debug|Any CPU
		Release|Any CPU = Release|Any CPU
	EndGlobalSection
	GlobalSection(ProjectConfigurationPlatforms) = postSolution
		{967A7E98-5F5C-4978-91AE-0A96A898A7E6}.Debug|Any CPU.ActiveCfg = Debug|Any CPU
		{967A7E98-5F5C-4978-91AE-0A96A898A7E6}.Debug|Any CPU.Build.0 = Debug|Any CPU
		{967A7E98-5F5C-4978-91AE-0A96A898A7E6}.Release|Any CPU.ActiveCfg = Release|Any CPU
		{967A7E98-5F5C-4978-91AE-0A96A898A7E6}.Release|Any CPU.Build.0 = Release|Any CPU
		{2BBD4277-9143-489E-8FBF-938DDADB1BA0}.Debug|Any CPU.ActiveCfg = Debug|Any CPU
		{2BBD4277-9143-489E-8FBF-938DDADB1BA0}.Debug|Any CPU.Build.0 = Debug|Any CPU
		{2BBD4277-9143-489E-8FBF-938DDADB1BA0}.Release|Any CPU.ActiveCfg = Release|Any CPU
		{2BBD4277-9143-489E-8FBF-938DDADB1BA0}.Release|Any CPU.Build.0 = Release|Any CPU
		{86668AC3-4E04-448D-A0E2-0A195C0C4A37}.Debug|Any CPU.ActiveCfg = Debug|Any CPU
		{86668AC3-4E04-448D-A0E2-0A195C0C4A37}.Debug|Any CPU.Build.0 = Debug|Any CPU
		{86668AC3-4E04-448D-A0E2-0A195C0C4A37}.Release|Any CPU.ActiveCfg = Release|Any CPU
		{86668AC3-4E04-448D-A0E2-0A195C0C4A37}.Release|Any CPU.Build.0 = Release|Any CPU
		{F6AD23AE-EA96-41D2-9D1A-0A6F9D7C1DA0}.Debug|Any CPU.ActiveCfg = Debug|Any CPU
		{F6AD23AE-EA96-41D2-9D1A-0A6F9D7C1DA0}.Debug|Any CPU.Build.0 = Debug|Any CPU
		{F6AD23AE-EA96-41D2-9D1A-0A6F9D7C1DA0}.Release|Any CPU.ActiveCfg = Release|Any CPU
		{F6AD23AE-EA96-41D2-9D1A-0A6F9D7C1DA0}.Release|Any CPU.Build.0 = Release|Any CPU
		{182D479D-E55C-4F3C-83D2-86C41EB5D7D6}.Debug|Any CPU.ActiveCfg = Debug|Any CPU
		{182D479D-E55C-4F3C-83D2-86C41EB5D7D6}.Debug|Any CPU.Build.0 = Debug|Any CPU
		{182D479D-E55C-4F3C-83D2-86C41EB5D7D6}.Release|Any CPU.ActiveCfg = Release|Any CPU
		{182D479D-E55C-4F3C-83D2-86C41EB5D7D6}.Release|Any CPU.Build.0 = Release|Any CPU
		{8E2D2967-E575-42A9-8371-DCDB38319AAD}.Debug|Any CPU.ActiveCfg = Debug|Any CPU
		{8E2D2967-E575-42A9-8371-DCDB38319AAD}.Debug|Any CPU.Build.0 = Debug|Any CPU
		{8E2D2967-E575-42A9-8371-DCDB38319AAD}.Release|Any CPU.ActiveCfg = Release|Any CPU
		{8E2D2967-E575-42A9-8371-DCDB38319AAD}.Release|Any CPU.Build.0 = Release|Any CPU
		{8AE3F491-97C7-4263-81B3-FE4EA1059E13}.Debug|Any CPU.ActiveCfg = Debug|Any CPU
		{8AE3F491-97C7-4263-81B3-FE4EA1059E13}.Debug|Any CPU.Build.0 = Debug|Any CPU
		{8AE3F491-97C7-4263-81B3-FE4EA1059E13}.Release|Any CPU.ActiveCfg = Release|Any CPU
		{8AE3F491-97C7-4263-81B3-FE4EA1059E13}.Release|Any CPU.Build.0 = Release|Any CPU
	EndGlobalSection
	GlobalSection(SolutionProperties) = preSolution
		HideSolutionNode = FALSE
	EndGlobalSection
	GlobalSection(NestedProjects) = preSolution
		{967A7E98-5F5C-4978-91AE-0A96A898A7E6} = {5C575D5B-E9A1-448A-AE8E-264732F0CDEB}
		{2BBD4277-9143-489E-8FBF-938DDADB1BA0} = {C1BED74B-E1E3-445B-BD3D-1F869606ECE9}
		{86668AC3-4E04-448D-A0E2-0A195C0C4A37} = {DA6BB958-283E-4158-A4F5-99CAC2128F39}
		{F6AD23AE-EA96-41D2-9D1A-0A6F9D7C1DA0} = {E2011526-4D92-4BA3-A83F-D64975AEBDEC}
		{182D479D-E55C-4F3C-83D2-86C41EB5D7D6} = {8D699821-99FA-473E-BA9B-71B0F380CE65}
		{8E2D2967-E575-42A9-8371-DCDB38319AAD} = {C1BED74B-E1E3-445B-BD3D-1F869606ECE9}
		{8AE3F491-97C7-4263-81B3-FE4EA1059E13} = {DA6BB958-283E-4158-A4F5-99CAC2128F39}
	EndGlobalSection
	GlobalSection(ExtensibilityGlobals) = postSolution
		SolutionGuid = {DE5E78A6-BD37-4E10-8021-F5F2395EA0EF}
	EndGlobalSection
EndGlobal
